
Microsoft Visual Studio Solution File, Format Version 12.00
# Visual Studio Version 16
VisualStudioVersion = 16.0.30330.147
MinimumVisualStudioVersion = 10.0.40219.1
Project("{FAE04EC0-301F-11D3-BF4B-00C04F79EFBC}") = "Pizza", "Pizza\Pizza.csproj", "{73F9A2D2-8667-48F4-8F5E-22628DBAD2B0}"
EndProject
Project("{FAE04EC0-301F-11D3-BF4B-00C04F79EFBC}") = "PizzaRepository", "PizzaRepository\PizzaRepository.csproj", "{73CE51FA-E64C-4F53-ACA6-178776748888}"
EndProject
Project("{FAE04EC0-301F-11D3-BF4B-00C04F79EFBC}") = "PizzaShared", "PizzaShared\PizzaShared.csproj", "{90118E2C-2BEC-46BB-AA00-527D913776DB}"
EndProject
Project("{00D1A9C2-B5F0-4AF3-8072-F6C62B433612}") = "Database", "Database\Database.sqlproj", "{112B9079-55BF-4C0C-BE89-86E5D2B0EC64}"
EndProject
Global
	GlobalSection(SolutionConfigurationPlatforms) = preSolution
		Debug|Any CPU = Debug|Any CPU
		Release|Any CPU = Release|Any CPU
	EndGlobalSection
	GlobalSection(ProjectConfigurationPlatforms) = postSolution
		{73F9A2D2-8667-48F4-8F5E-22628DBAD2B0}.Debug|Any CPU.ActiveCfg = Debug|Any CPU
		{73F9A2D2-8667-48F4-8F5E-22628DBAD2B0}.Debug|Any CPU.Build.0 = Debug|Any CPU
		{73F9A2D2-8667-48F4-8F5E-22628DBAD2B0}.Release|Any CPU.ActiveCfg = Release|Any CPU
		{73F9A2D2-8667-48F4-8F5E-22628DBAD2B0}.Release|Any CPU.Build.0 = Release|Any CPU
		{73CE51FA-E64C-4F53-ACA6-178776748888}.Debug|Any CPU.ActiveCfg = Debug|Any CPU
		{73CE51FA-E64C-4F53-ACA6-178776748888}.Debug|Any CPU.Build.0 = Debug|Any CPU
		{73CE51FA-E64C-4F53-ACA6-178776748888}.Release|Any CPU.ActiveCfg = Release|Any CPU
		{73CE51FA-E64C-4F53-ACA6-178776748888}.Release|Any CPU.Build.0 = Release|Any CPU
		{90118E2C-2BEC-46BB-AA00-527D913776DB}.Debug|Any CPU.ActiveCfg = Debug|Any CPU
		{90118E2C-2BEC-46BB-AA00-527D913776DB}.Debug|Any CPU.Build.0 = Debug|Any CPU
		{90118E2C-2BEC-46BB-AA00-527D913776DB}.Release|Any CPU.ActiveCfg = Release|Any CPU
		{90118E2C-2BEC-46BB-AA00-527D913776DB}.Release|Any CPU.Build.0 = Release|Any CPU
		{112B9079-55BF-4C0C-BE89-86E5D2B0EC64}.Debug|Any CPU.ActiveCfg = Debug|Any CPU
		{112B9079-55BF-4C0C-BE89-86E5D2B0EC64}.Debug|Any CPU.Build.0 = Debug|Any CPU
		{112B9079-55BF-4C0C-BE89-86E5D2B0EC64}.Debug|Any CPU.Deploy.0 = Debug|Any CPU
		{112B9079-55BF-4C0C-BE89-86E5D2B0EC64}.Release|Any CPU.ActiveCfg = Release|Any CPU
		{112B9079-55BF-4C0C-BE89-86E5D2B0EC64}.Release|Any CPU.Build.0 = Release|Any CPU
		{112B9079-55BF-4C0C-BE89-86E5D2B0EC64}.Release|Any CPU.Deploy.0 = Release|Any CPU
	EndGlobalSection
	GlobalSection(SolutionProperties) = preSolution
		HideSolutionNode = FALSE
	EndGlobalSection
	GlobalSection(ExtensibilityGlobals) = postSolution
		SolutionGuid = {DDC66C53-60B5-4237-8DD6-809DE04F1493}
	EndGlobalSection
EndGlobal
